[[package]]
name = "apscheduler"
version = "3.9.1"
description = "In-process task scheduler with Cron-like capabilities"
category = "main"
optional = false
python-versions = ">=2.7, !=3.0.*, !=3.1.*, !=3.2.*, !=3.3.*, !=3.4.*, <4"

[package.dependencies]
pytz = "*"
six = ">=1.4.0"
tzlocal = ">=2.0,<3.0.0 || >=4.0.0"

[package.extras]
asyncio = ["trollius"]
doc = ["sphinx", "sphinx-rtd-theme"]
gevent = ["gevent"]
mongodb = ["pymongo (>=3.0)"]
redis = ["redis (>=3.0)"]
rethinkdb = ["rethinkdb (>=2.4.0)"]
sqlalchemy = ["sqlalchemy (>=0.8)"]
testing = ["pytest", "pytest-cov", "pytest-tornado5", "mock", "pytest-asyncio (<0.6)", "pytest-asyncio"]
tornado = ["tornado (>=4.3)"]
twisted = ["twisted"]
zookeeper = ["kazoo"]

[[package]]
name = "asgiref"
version = "3.5.2"
description = "ASGI specs, helper code, and adapters"
category = "main"
optional = false
python-versions = ">=3.7"

[package.extras]
tests = ["mypy (>=0.800)", "pytest-asyncio", "pytest"]

[[package]]
name = "astor"
version = "0.8.1"
description = "Read/rewrite/write Python ASTs"
category = "dev"
optional = false
python-versions = "!=3.0.*,!=3.1.*,!=3.2.*,!=3.3.*,>=2.7"

[[package]]
name = "attrs"
version = "21.2.0"
description = "Classes Without Boilerplate"
category = "dev"
optional = false
python-versions = ">=2.7, !=3.0.*, !=3.1.*, !=3.2.*, !=3.3.*, !=3.4.*"

[package.extras]
dev = ["coverage[toml] (>=5.0.2)", "hypothesis", "pympler", "pytest (>=4.3.0)", "six", "mypy", "pytest-mypy-plugins", "zope.interface", "furo", "sphinx", "sphinx-notfound-page", "pre-commit"]
docs = ["furo", "sphinx", "zope.interface", "sphinx-notfound-page"]
tests = ["coverage[toml] (>=5.0.2)", "hypothesis", "pympler", "pytest (>=4.3.0)", "six", "mypy", "pytest-mypy-plugins", "zope.interface"]
tests_no_zope = ["coverage[toml] (>=5.0.2)", "hypothesis", "pympler", "pytest (>=4.3.0)", "six", "mypy", "pytest-mypy-plugins"]

[[package]]
name = "backports.zoneinfo"
version = "0.2.1"
description = "Backport of the standard library zoneinfo module"
category = "main"
optional = false
python-versions = ">=3.6"

[package.extras]
tzdata = ["tzdata"]

[[package]]
name = "bandit"
version = "1.7.0"
description = "Security oriented static analyser for python code."
category = "dev"
optional = false
python-versions = ">=3.5"

[package.dependencies]
colorama = {version = ">=0.3.9", markers = "platform_system == \"Windows\""}
GitPython = ">=1.0.1"
PyYAML = ">=5.3.1"
six = ">=1.10.0"
stevedore = ">=1.20.0"

[[package]]
name = "certifi"
version = "2021.5.30"
description = "Python package for providing Mozilla's CA Bundle."
category = "main"
optional = false
python-versions = "*"

[[package]]
name = "cffi"
version = "1.15.0"
description = "Foreign Function Interface for Python calling C code."
category = "main"
optional = false
python-versions = "*"

[package.dependencies]
pycparser = "*"

[[package]]
name = "charset-normalizer"
version = "2.1.0"
description = "The Real First Universal Charset Detector. Open, modern and actively maintained alternative to Chardet."
category = "main"
optional = false
python-versions = ">=3.6.0"

[package.extras]
unicode_backport = ["unicodedata2"]

[[package]]
name = "colorama"
version = "0.4.4"
description = "Cross-platform colored terminal text."
category = "dev"
optional = false
python-versions = ">=2.7, !=3.0.*, !=3.1.*, !=3.2.*, !=3.3.*, !=3.4.*"

[[package]]
name = "coverage"
version = "6.4.2"
description = "Code coverage measurement for Python"
category = "dev"
optional = false
python-versions = ">=3.7"

[package.extras]
toml = ["tomli"]

[[package]]
name = "crispy-bootstrap5"
version = "0.6"
description = "Bootstrap5 template pack for django-crispy-forms"
category = "main"
optional = false
python-versions = ">=3.6"

[package.dependencies]
django = ">=2.2"
django-crispy-forms = ">=1.13.0"

[package.extras]
test = ["pytest", "pytest-django"]

[[package]]
name = "cryptography"
version = "37.0.4"
description = "cryptography is a package which provides cryptographic recipes and primitives to Python developers."
category = "main"
optional = false
python-versions = ">=3.6"

[package.dependencies]
cffi = ">=1.12"

[package.extras]
docs = ["sphinx (>=1.6.5,!=1.8.0,!=3.1.0,!=3.1.1)", "sphinx-rtd-theme"]
docstest = ["pyenchant (>=1.6.11)", "twine (>=1.12.0)", "sphinxcontrib-spelling (>=4.0.1)"]
pep8test = ["black", "flake8", "flake8-import-order", "pep8-naming"]
sdist = ["setuptools_rust (>=0.11.4)"]
ssh = ["bcrypt (>=3.1.5)"]
test = ["pytest (>=6.2.0)", "pytest-benchmark", "pytest-cov", "pytest-subtests", "pytest-xdist", "pretend", "iso8601", "pytz", "hypothesis (>=1.11.4,!=3.79.2)"]

[[package]]
name = "darglint"
version = "1.8.0"
description = "A utility for ensuring Google-style docstrings stay up to date with the source code."
category = "dev"
optional = false
python-versions = ">=3.6,<4.0"

[[package]]
name = "dj-database-url"
version = "0.5.0"
description = "Use Database URLs in your Django Application."
category = "main"
optional = false
python-versions = "*"

[[package]]
name = "django"
version = "4.0.7"
description = "A high-level Python web framework that encourages rapid development and clean, pragmatic design."
category = "main"
optional = false
python-versions = ">=3.8"

[package.dependencies]
asgiref = ">=3.4.1,<4"
"backports.zoneinfo" = {version = "*", markers = "python_version < \"3.9\""}
sqlparse = ">=0.2.2"
tzdata = {version = "*", markers = "sys_platform == \"win32\""}

[package.extras]
argon2 = ["argon2-cffi (>=19.1.0)"]
bcrypt = ["bcrypt"]

[[package]]
name = "django-crispy-forms"
version = "1.14.0"
description = "Best way to have Django DRY forms"
category = "main"
optional = false
python-versions = ">=3.7"

[[package]]
name = "django-cte"
version = "1.2.1"
description = "Common Table Expressions (CTE) for Django"
category = "main"
optional = false
python-versions = "*"

[[package]]
name = "django-filter"
version = "22.1"
description = "Django-filter is a reusable Django application for allowing users to filter querysets dynamically."
category = "main"
optional = false
python-versions = ">=3.7"

[package.dependencies]
Django = ">=3.2"

[[package]]
name = "docutils"
version = "0.17.1"
description = "Docutils -- Python Documentation Utilities"
category = "dev"
optional = false
python-versions = ">=2.7, !=3.0.*, !=3.1.*, !=3.2.*, !=3.3.*, !=3.4.*"

[[package]]
name = "eradicate"
version = "2.1.0"
description = "Removes commented-out code."
category = "dev"
optional = false
python-versions = "*"

[[package]]
name = "faker"
version = "13.15.1"
description = "Faker is a Python package that generates fake data for you."
category = "dev"
optional = false
python-versions = ">=3.6"

[package.dependencies]
python-dateutil = ">=2.4"

[[package]]
name = "flake8"
version = "3.9.2"
description = "the modular source code checker: pep8 pyflakes and co"
category = "dev"
optional = false
python-versions = "!=3.0.*,!=3.1.*,!=3.2.*,!=3.3.*,!=3.4.*,>=2.7"

[package.dependencies]
mccabe = ">=0.6.0,<0.7.0"
pycodestyle = ">=2.7.0,<2.8.0"
pyflakes = ">=2.3.0,<2.4.0"

[[package]]
name = "flake8-bandit"
version = "2.1.2"
description = "Automated security testing with bandit and flake8."
category = "dev"
optional = false
python-versions = "*"

[package.dependencies]
bandit = "*"
flake8 = "*"
flake8-polyfill = "*"
pycodestyle = "*"

[[package]]
name = "flake8-broken-line"
version = "0.4.0"
description = "Flake8 plugin to forbid backslashes for line breaks"
category = "dev"
optional = false
python-versions = ">=3.6,<4.0"

[package.dependencies]
flake8 = ">=3.5,<5"

[[package]]
name = "flake8-bugbear"
version = "22.7.1"
description = "A plugin for flake8 finding likely bugs and design problems in your program. Contains warnings that don't belong in pyflakes and pycodestyle."
category = "dev"
optional = false
python-versions = ">=3.6"

[package.dependencies]
attrs = ">=19.2.0"
flake8 = ">=3.0.0"

[package.extras]
dev = ["coverage", "hypothesis", "hypothesmith (>=0.2)", "pre-commit"]

[[package]]
name = "flake8-commas"
version = "2.0.0"
description = "Flake8 lint for trailing commas."
category = "dev"
optional = false
python-versions = "*"

[package.dependencies]
flake8 = ">=2,<4.0.0"

[[package]]
name = "flake8-comprehensions"
version = "3.5.0"
description = "A flake8 plugin to help you write better list/set/dict comprehensions."
category = "dev"
optional = false
python-versions = ">=3.6"

[package.dependencies]
flake8 = ">=3.0,<3.2.0 || >3.2.0,<4"

[[package]]
name = "flake8-debugger"
version = "4.1.2"
description = "ipdb/pdb statement checker plugin for flake8"
category = "dev"
optional = false
python-versions = ">=3.7"

[package.dependencies]
flake8 = ">=3.0"
pycodestyle = "*"

[[package]]
name = "flake8-docstrings"
version = "1.6.0"
description = "Extension for flake8 which uses pydocstyle to check docstrings"
category = "dev"
optional = false
python-versions = "*"

[package.dependencies]
flake8 = ">=3"
pydocstyle = ">=2.1"

[[package]]
name = "flake8-eradicate"
version = "1.2.1"
description = "Flake8 plugin to find commented out code"
category = "dev"
optional = false
python-versions = ">=3.6,<4.0"

[package.dependencies]
attrs = "*"
eradicate = ">=2.0,<3.0"
flake8 = ">=3.5,<5"

[[package]]
name = "flake8-isort"
version = "4.1.1"
description = "flake8 plugin that integrates isort ."
category = "dev"
optional = false
python-versions = "*"

[package.dependencies]
flake8 = ">=3.2.1,<5"
isort = ">=4.3.5,<6"
testfixtures = ">=6.8.0,<7"

[package.extras]
test = ["pytest-cov"]

[[package]]
name = "flake8-polyfill"
version = "1.0.2"
description = "Polyfill package for Flake8 plugins"
category = "dev"
optional = false
python-versions = "*"

[package.dependencies]
flake8 = "*"

[[package]]
name = "flake8-quotes"
version = "3.3.1"
description = "Flake8 lint for quotes."
category = "dev"
optional = false
python-versions = "*"

[package.dependencies]
flake8 = "*"

[[package]]
name = "flake8-rst-docstrings"
version = "0.2.7"
description = "Python docstring reStructuredText (RST) validator"
category = "dev"
optional = false
python-versions = ">=3.7"

[package.dependencies]
flake8 = ">=3.0.0"
pygments = "*"
restructuredtext-lint = "*"

[[package]]
name = "flake8-string-format"
version = "0.3.0"
description = "string format checker, plugin for flake8"
category = "dev"
optional = false
python-versions = "*"

[package.dependencies]
flake8 = "*"

[[package]]
name = "gitdb"
version = "4.0.7"
description = "Git Object Database"
category = "dev"
optional = false
python-versions = ">=3.4"

[package.dependencies]
smmap = ">=3.0.1,<5"

[[package]]
name = "gitpython"
version = "3.1.17"
description = "Python Git Library"
category = "dev"
optional = false
python-versions = ">=3.5"

[package.dependencies]
gitdb = ">=4.0.1,<5"

[[package]]
name = "gunicorn"
version = "20.1.0"
description = "WSGI HTTP Server for UNIX"
category = "main"
optional = false
python-versions = ">=3.5"

[package.extras]
eventlet = ["eventlet (>=0.24.1)"]
gevent = ["gevent (>=1.4.0)"]
setproctitle = ["setproctitle"]
tornado = ["tornado (>=0.2)"]

[[package]]
name = "idna"
version = "2.10"
description = "Internationalized Domain Names in Applications (IDNA)"
category = "main"
optional = false
python-versions = ">=2.7, !=3.0.*, !=3.1.*, !=3.2.*, !=3.3.*"

[[package]]
name = "isort"
version = "4.3.21"
description = "A Python utility / library to sort Python imports."
category = "dev"
optional = false
python-versions = ">=2.7, !=3.0.*, !=3.1.*, !=3.2.*, !=3.3.*"

[package.extras]
pipfile = ["pipreqs", "requirementslib"]
pyproject = ["toml"]
requirements = ["pipreqs", "pip-api"]
xdg_home = ["appdirs (>=1.4.0)"]

[[package]]
name = "mccabe"
version = "0.6.1"
description = "McCabe checker, plugin for flake8"
category = "dev"
optional = false
python-versions = "*"

[[package]]
name = "pbr"
version = "5.6.0"
description = "Python Build Reasonableness"
category = "dev"
optional = false
python-versions = ">=2.6"

[[package]]
name = "pep8-naming"
version = "0.12.1"
description = "Check PEP-8 naming conventions, plugin for flake8"
category = "dev"
optional = false
python-versions = "*"

[package.dependencies]
flake8 = ">=3.9.1"
flake8-polyfill = ">=1.0.2,<2"

[[package]]
name = "psycopg2"
version = "2.8.6"
description = "psycopg2 - Python-PostgreSQL Database Adapter"
category = "main"
optional = true
python-versions = ">=2.7,!=3.0.*,!=3.1.*,!=3.2.*,!=3.3.*"

[[package]]
name = "psycopg2-binary"
version = "2.9.3"
description = "psycopg2 - Python-PostgreSQL Database Adapter"
category = "main"
optional = true
python-versions = ">=3.6"

[[package]]
name = "pycodestyle"
version = "2.7.0"
description = "Python style guide checker"
category = "dev"
optional = false
python-versions = ">=2.7, !=3.0.*, !=3.1.*, !=3.2.*, !=3.3.*"

[[package]]
name = "pycparser"
version = "2.21"
description = "C parser in Python"
category = "main"
optional = false
python-versions = ">=2.7, !=3.0.*, !=3.1.*, !=3.2.*, !=3.3.*"

[[package]]
name = "pydocstyle"
version = "6.1.1"
description = "Python docstring style checker"
category = "dev"
optional = false
python-versions = ">=3.6"

[package.dependencies]
snowballstemmer = "*"

[package.extras]
toml = ["toml"]

[[package]]
name = "pyflakes"
version = "2.3.1"
description = "passive checker of Python programs"
category = "dev"
optional = false
python-versions = ">=2.7, !=3.0.*, !=3.1.*, !=3.2.*, !=3.3.*"

[[package]]
name = "pygments"
version = "2.9.0"
description = "Pygments is a syntax highlighting package written in Python."
category = "dev"
optional = false
python-versions = ">=3.5"

[[package]]
name = "pyjwt"
version = "2.4.0"
description = "JSON Web Token implementation in Python"
category = "main"
optional = false
python-versions = ">=3.6"

[package.extras]
crypto = ["cryptography (>=3.3.1)"]
dev = ["sphinx", "sphinx-rtd-theme", "zope.interface", "cryptography (>=3.3.1)", "pytest (>=6.0.0,<7.0.0)", "coverage[toml] (==5.0.4)", "mypy", "pre-commit"]
docs = ["sphinx", "sphinx-rtd-theme", "zope.interface"]
tests = ["pytest (>=6.0.0,<7.0.0)", "coverage[toml] (==5.0.4)"]

[[package]]
name = "python-dateutil"
version = "2.8.2"
description = "Extensions to the standard Python datetime module"
category = "main"
optional = false
python-versions = "!=3.0.*,!=3.1.*,!=3.2.*,>=2.7"

[package.dependencies]
six = ">=1.5"

[[package]]
name = "python-dotenv"
version = "0.20.0"
description = "Read key-value pairs from a .env file and set them as environment variables"
category = "main"
optional = false
python-versions = ">=3.5"

[package.extras]
cli = ["click (>=5.0)"]

[[package]]
name = "pytz"
version = "2021.1"
description = "World timezone definitions, modern and historical"
category = "main"
optional = false
python-versions = "*"

[[package]]
name = "pyyaml"
version = "5.4.1"
description = "YAML parser and emitter for Python"
category = "dev"
optional = false
python-versions = ">=2.7, !=3.0.*, !=3.1.*, !=3.2.*, !=3.3.*, !=3.4.*, !=3.5.*"

[[package]]
name = "requests"
version = "2.28.1"
description = "Python HTTP for Humans."
category = "main"
optional = false
python-versions = ">=3.7, <4"

[package.dependencies]
certifi = ">=2017.4.17"
charset-normalizer = ">=2,<3"
idna = ">=2.5,<4"
urllib3 = ">=1.21.1,<1.27"

[package.extras]
socks = ["PySocks (>=1.5.6,!=1.5.7)"]
use_chardet_on_py3 = ["chardet (>=3.0.2,<6)"]

[[package]]
name = "restructuredtext-lint"
version = "1.3.2"
description = "reStructuredText linter"
category = "dev"
optional = false
python-versions = "*"

[package.dependencies]
docutils = ">=0.11,<1.0"

[[package]]
name = "six"
version = "1.16.0"
description = "Python 2 and 3 compatibility utilities"
category = "main"
optional = false
python-versions = ">=2.7, !=3.0.*, !=3.1.*, !=3.2.*"

[[package]]
name = "smmap"
version = "4.0.0"
description = "A pure Python implementation of a sliding window memory map manager"
category = "dev"
optional = false
python-versions = ">=3.5"

[[package]]
name = "snowballstemmer"
version = "2.1.0"
description = "This package provides 29 stemmers for 28 languages generated from Snowball algorithms."
category = "dev"
optional = false
python-versions = "*"

[[package]]
name = "sqlparse"
version = "0.4.2"
description = "A non-validating SQL parser."
category = "main"
optional = false
python-versions = ">=3.5"

[[package]]
name = "stevedore"
version = "3.3.0"
description = "Manage dynamic plugins for Python applications"
category = "dev"
optional = false
python-versions = ">=3.6"

[package.dependencies]
pbr = ">=2.0.0,<2.1.0 || >2.1.0"

[[package]]
name = "testfixtures"
version = "6.17.1"
description = "A collection of helpers and mock objects for unit tests and doc tests."
category = "dev"
optional = false
python-versions = "*"

[package.extras]
test = ["django", "django (<2)", "mock", "twisted", "sybil", "zope.component", "pytest-django", "pytest-cov", "pytest (>=3.6)"]
docs = ["django", "django (<2)", "mock", "twisted", "sybil", "zope.component", "sphinx"]
build = ["twine", "wheel", "setuptools-git"]

[[package]]
name = "typing-extensions"
version = "3.10.0.0"
description = "Backported and Experimental Type Hints for Python 3.5+"
category = "dev"
optional = false
python-versions = "*"

[[package]]
name = "tzdata"
version = "2022.1"
description = "Provider of IANA time zone data"
category = "main"
optional = false
python-versions = ">=2"

[[package]]
name = "tzlocal"
version = "2.1"
description = "tzinfo object for the local timezone"
category = "main"
optional = false
python-versions = "*"

[package.dependencies]
pytz = "*"

[[package]]
name = "urllib3"
version = "1.26.5"
description = "HTTP library with thread-safe connection pooling, file post, and more."
category = "main"
optional = false
python-versions = ">=2.7, !=3.0.*, !=3.1.*, !=3.2.*, !=3.3.*, !=3.4.*, <4"

[package.extras]
brotli = ["brotlipy (>=0.6.0)"]
secure = ["pyOpenSSL (>=0.14)", "cryptography (>=1.3.4)", "idna (>=2.0.0)", "certifi", "ipaddress"]
socks = ["PySocks (>=1.5.6,!=1.5.7,<2.0)"]

[[package]]
name = "wemake-python-styleguide"
version = "0.16.1"
description = "The strictest and most opinionated python linter ever"
category = "dev"
optional = false
python-versions = ">=3.6,<4.0"

[package.dependencies]
astor = ">=0.8,<0.9"
attrs = "*"
darglint = ">=1.2,<2.0"
flake8 = ">=3.7,<5"
flake8-bandit = ">=2.1,<4"
flake8-broken-line = ">=0.3,<0.5"
flake8-bugbear = ">=20.1,<23.0"
flake8-commas = ">=2.0,<3.0"
flake8-comprehensions = ">=3.1,<4.0"
flake8-debugger = ">=4.0,<5.0"
flake8-docstrings = ">=1.3,<2.0"
flake8-eradicate = ">=1.0,<2.0"
flake8-isort = ">=4.0,<5.0"
flake8-quotes = ">=3.0,<4.0"
flake8-rst-docstrings = ">=0.2,<0.3"
flake8-string-format = ">=0.3,<0.4"
pep8-naming = ">=0.11,<0.13"
pygments = ">=2.4,<3.0"
typing_extensions = ">=3.6,<5.0"

[[package]]
name = "whitenoise"
version = "6.2.0"
description = "Radically simplified static file serving for WSGI applications"
category = "main"
optional = false
python-versions = ">=3.7"

[package.extras]
brotli = ["brotli"]

[extras]
psycopg2 = ["psycopg2"]
psycopg2-binary = ["psycopg2-binary"]

[metadata]
lock-version = "1.1"
python-versions = "^3.8"
content-hash = "6494f0c65db62313a89155c6e776c6f369f3829f68073ba17ee9d19cab28aa70"

[metadata.files]
apscheduler = []
asgiref = []
astor = []
attrs = []
"backports.zoneinfo" = []
bandit = []
certifi = []
cffi = []
charset-normalizer = [
    {file = "charset-normalizer-2.1.0.tar.gz", hash = "sha256:575e708016ff3a5e3681541cb9d79312c416835686d054a23accb873b254f413"},
    {file = "charset_normalizer-2.1.0-py3-none-any.whl", hash = "sha256:5189b6f22b01957427f35b6a08d9a0bc45b46d3788ef5a92e978433c7a35f8a5"},
]
colorama = []
coverage = []
crispy-bootstrap5 = []
cryptography = []
darglint = []
dj-database-url = []
django = []
django-crispy-forms = []
django-cte = []
django-filter = []
docutils = []
eradicate = []
faker = []
flake8 = []
flake8-bandit = []
flake8-broken-line = []
flake8-bugbear = []
flake8-commas = []
flake8-comprehensions = []
flake8-debugger = []
flake8-docstrings = []
flake8-eradicate = []
flake8-isort = []
flake8-polyfill = []
flake8-quotes = []
flake8-rst-docstrings = []
flake8-string-format = []
gitdb = []
gitpython = []
gunicorn = []
idna = []
isort = []
mccabe = [
    {file = "mccabe-0.6.1-py2.py3-none-any.whl", hash = "sha256:ab8a6258860da4b6677da4bd2fe5dc2c659cff31b3ee4f7f5d64e79735b80d42"},
    {file = "mccabe-0.6.1.tar.gz", hash = "sha256:dd8d182285a0fe56bace7f45b5e7d1a6ebcbf524e8f3bd87eb0f125271b8831f"},
]
pbr = []
pep8-naming = []
psycopg2 = []
psycopg2-binary = []
pycodestyle = []
pycparser = [
    {file = "pycparser-2.21-py2.py3-none-any.whl", hash = "sha256:8ee45429555515e1f6b185e78100aea234072576aa43ab53aefcae078162fca9"},
    {file = "pycparser-2.21.tar.gz", hash = "sha256:e644fdec12f7872f86c58ff790da456218b10f863970249516d60a5eaca77206"},
]
pydocstyle = []
pyflakes = []
pygments = []
pyjwt = []
python-dateutil = []
python-dotenv = []
pytz = []
pyyaml = []
requests = [
    {file = "requests-2.28.1-py3-none-any.whl", hash = "sha256:8fefa2a1a1365bf5520aac41836fbee479da67864514bdb821f31ce07ce65349"},
    {file = "requests-2.28.1.tar.gz", hash = "sha256:7c5599b102feddaa661c826c56ab4fee28bfd17f5abca1ebbe3e7f19d7c97983"},
]
restructuredtext-lint = []
six = [
    {file = "six-1.16.0-py2.py3-none-any.whl", hash = "sha256:8abb2f1d86890a2dfb989f9a77cfcfd3e47c2a354b01111771326f8aa26e0254"},
    {file = "six-1.16.0.tar.gz", hash = "sha256:1e61c37477a1626458e36f7b1d82aa5c9b094fa4802892072e49de9c60c4c926"},
]
smmap = []
snowballstemmer = []
sqlparse = []
stevedore = []
testfixtures = []
typing-extensions = []
tzdata = []
tzlocal = []
urllib3 = []
wemake-python-styleguide = []
whitenoise = []
